{
  "version": "2",
  "remote": {
    "https://deno.land/std@0.109.0/_util/assert.ts": "2f868145a042a11d5ad0a3c748dcf580add8a0dbc0e876eaa0026303a5488f58",
    "https://deno.land/std@0.109.0/_util/os.ts": "dfb186cc4e968c770ab6cc3288bd65f4871be03b93beecae57d657232ecffcac",
    "https://deno.land/std@0.109.0/async/deadline.ts": "1d6ac7aeaee22f75eb86e4e105d6161118aad7b41ae2dd14f4cfd3bf97472b93",
    "https://deno.land/std@0.109.0/async/debounce.ts": "b2f693e4baa16b62793fd618de6c003b63228db50ecfe3bd51fc5f6dc0bc264b",
    "https://deno.land/std@0.109.0/async/deferred.ts": "ab60d46ba561abb3b13c0c8085d05797a384b9f182935f051dc67136817acdee",
    "https://deno.land/std@0.109.0/async/delay.ts": "db68b7c22518ea9805be110cdc914017d741894d2bececf4d78607fd2f0548e7",
    "https://deno.land/std@0.109.0/async/mod.ts": "78425176fabea7bd1046ce3819fd69ce40da85c83e0f174d17e8e224a91f7d10",
    "https://deno.land/std@0.109.0/async/mux_async_iterator.ts": "62abff3af9ff619e8f2adc96fc70d4ca020fa48a50c23c13f12d02ed2b760dbe",
    "https://deno.land/std@0.109.0/async/pool.ts": "353ce4f91865da203a097aa6f33de8966340c91b6f4a055611c8c5d534afd12f",
    "https://deno.land/std@0.109.0/async/tee.ts": "63811ea47268825db2b15e973dc5c37bab37b749ffa00d2b7bbb6c6f568412cb",
    "https://deno.land/std@0.109.0/bytes/mod.ts": "440684e07e8f57a19a43b34d57eb63af0b36fc92b6657b6dcdbf9d5612d62e29",
    "https://deno.land/std@0.109.0/encoding/base64.ts": "eecae390f1f1d1cae6f6c6d732ede5276bf4b9cd29b1d281678c054dc5cc009e",
    "https://deno.land/std@0.109.0/encoding/hex.ts": "5bc7df19af498c315cdaba69e2fce1b2aef5fc57344e8c21c08991aa8505a260",
    "https://deno.land/std@0.109.0/fmt/colors.ts": "8368ddf2d48dfe413ffd04cdbb7ae6a1009cf0dccc9c7ff1d76259d9c61a0621",
    "https://deno.land/std@0.109.0/fs/exists.ts": "b0d2e31654819cc2a8d37df45d6b14686c0cc1d802e9ff09e902a63e98b85a00",
    "https://deno.land/std@0.109.0/io/buffer.ts": "3ead6bb11276ebcf093c403f74f67fd2205a515dbbb9061862c468ca56f37cd8",
    "https://deno.land/std@0.109.0/io/util.ts": "85c33d61b20fd706acc094fe80d4c8ae618b04abcf3a96ca2b47071842c1c8ac",
    "https://deno.land/std@0.109.0/node/_errors.ts": "74d1e7c7aad0f4a04df20be1f25f8a0a1d39483a75daabefa2cb285b0090e6e5",
    "https://deno.land/std@0.109.0/node/_fs/_fs_access.ts": "7cbbfd1309e47983065dc7f186fd128eea0854c6693d58b39be2fd0f4de8d0c0",
    "https://deno.land/std@0.109.0/node/_fs/_fs_appendFile.ts": "bd802989a76d2e87a92034cbbbf6ad3154bf925b68e1a0a43772b3f4fc2a3728",
    "https://deno.land/std@0.109.0/node/_fs/_fs_chmod.ts": "101ea1cfc63b518f7434357e6e559c163b86c836826e87273ad4fbdd17153c6d",
    "https://deno.land/std@0.109.0/node/_fs/_fs_chown.ts": "d314d0b3c33422c980e8b8d2abe95433d5d3ec6e0699b53de6e03c13bb37769e",
    "https://deno.land/std@0.109.0/node/_fs/_fs_close.ts": "6a175fef187fa06ad7fd3c82a7a44410f947f5d20ec6673f871d4d327d98753e",
    "https://deno.land/std@0.109.0/node/_fs/_fs_common.ts": "45f0b63e864d24c6c6c492a931e6b794f61ed125157e8f74282350557ec7e971",
    "https://deno.land/std@0.109.0/node/_fs/_fs_constants.ts": "20e2d62e5c5bc1f94b68c14d686c0f61a683d405f31523456b863bb525c9cdee",
    "https://deno.land/std@0.109.0/node/_fs/_fs_copy.ts": "ce349beecec9f833e8cbe02eaa6c79119cbdbe788093c2b9543ce4d865f2b941",
    "https://deno.land/std@0.109.0/node/_fs/_fs_dir.ts": "b122324330d4d754a595618986039a2841f9551c16a20be21e93f371cc8e65ce",
    "https://deno.land/std@0.109.0/node/_fs/_fs_dirent.ts": "c9f585db140749426bcbcd735801198e7c517d654cd72795a20dfa349e4bac05",
    "https://deno.land/std@0.109.0/node/_fs/_fs_exists.ts": "ec185609b68149e259d4fb1d7872e70bb2f9aff135236a3c2e14109e579393cc",
    "https://deno.land/std@0.109.0/node/_fs/_fs_fdatasync.ts": "a62e70004a0f9c2f49e369b44a9ff788bb13d7b8160c61cec942e5dc42da4181",
    "https://deno.land/std@0.109.0/node/_fs/_fs_fstat.ts": "6e2280db419a521dd3ea4525982c02f84677493561d1bcbaa271abadc8e7f844",
    "https://deno.land/std@0.109.0/node/_fs/_fs_fsync.ts": "c68c74966342d5a98437036a634359ac6feab85f114310892f14553c02fad5d4",
    "https://deno.land/std@0.109.0/node/_fs/_fs_ftruncate.ts": "2964fe380c60db9e802a9ae65c72cbfee8d710abd0e078afbcfc2e0cc442599c",
    "https://deno.land/std@0.109.0/node/_fs/_fs_futimes.ts": "88c1e0d7b4012bcee23f586b2b7282ac21725824f3961ffa235d96501afcb65f",
    "https://deno.land/std@0.109.0/node/_fs/_fs_link.ts": "93c8997574a6f42aa2699012236b53f7ee2105400c207e0b8156dce04772ab81",
    "https://deno.land/std@0.109.0/node/_fs/_fs_lstat.ts": "3d81117febd0abcab4e92ecbe70885179f62d10d09608d8ac6acfb7c2db34290",
    "https://deno.land/std@0.109.0/node/_fs/_fs_mkdir.ts": "a98590e4a07416e4d7af1342d062b9c8e01997e6f047ed95411ef1215aa154b3",
    "https://deno.land/std@0.109.0/node/_fs/_fs_mkdtemp.ts": "683c0e0fbe2583c318b2d67cd986cf55f8f7410199537edb76f3af0ec8b54a80",
    "https://deno.land/std@0.109.0/node/_fs/_fs_open.ts": "6a08a3e5edf17f49589fa34223d2ea62193ea1e17392f4e84bfa49fc9d0ca532",
    "https://deno.land/std@0.109.0/node/_fs/_fs_readFile.ts": "aa972cc3a6a13ddad8e7319c3908d089be56136ef11e2a8b8bfb48cfc368fde3",
    "https://deno.land/std@0.109.0/node/_fs/_fs_readdir.ts": "d3b0c2b3d3b243e63f0c8df5294252edbb6a732c07f540044af3e89d6d75245f",
    "https://deno.land/std@0.109.0/node/_fs/_fs_readlink.ts": "919df3481f3e339cfb153e899941fe93d4284287794fed3d92f071a055d473e9",
    "https://deno.land/std@0.109.0/node/_fs/_fs_realpath.ts": "9dad0fe43e8c4cda6953bc297cd605c9647162e4a9d29cf91e435d96a741d8e1",
    "https://deno.land/std@0.109.0/node/_fs/_fs_rename.ts": "98852b8f576e2bbdaede8b85abf8c459c3d0b50d8f6c8aff030a72f20ed26710",
    "https://deno.land/std@0.109.0/node/_fs/_fs_rmdir.ts": "89458f749b97bf2e23e485cba09fbb18f57041141e1cbbcfa9e44bde75953e51",
    "https://deno.land/std@0.109.0/node/_fs/_fs_stat.ts": "71c770228b0f6eb0bfa8b5db88e0313940f57fa3e5dccfbf46d8bd838d1a9497",
    "https://deno.land/std@0.109.0/node/_fs/_fs_symlink.ts": "174e41dbb2dbd0af79ba6460f3ab849c48099b8e824beed7c7f7c5d6d616b36d",
    "https://deno.land/std@0.109.0/node/_fs/_fs_truncate.ts": "fd016bc0b5ac236c4e88b326d0a9de0df6d56a512f20e927384fb4bd088d4e01",
    "https://deno.land/std@0.109.0/node/_fs/_fs_unlink.ts": "95cb6d81c647ac46826a86b9ebc8ebd8008fd99080dd36ddb62c5ddc54339c5f",
    "https://deno.land/std@0.109.0/node/_fs/_fs_utimes.ts": "5a87c6cb903f072a10a1917195e55f8673f4e1023964e16648e4146a778160e0",
    "https://deno.land/std@0.109.0/node/_fs/_fs_watch.ts": "7f7757775b6cdeb2e66bf5dbb5e1eb15e105fce4429eecd1026e1301e696babe",
    "https://deno.land/std@0.109.0/node/_fs/_fs_writeFile.ts": "6bf2646358e6e840353f1c1da184493121a1e57ab20e6ba6e8b1cf21574d4bf2",
    "https://deno.land/std@0.109.0/node/_util/_util_callbackify.ts": "947aa66d148c10e484c5c5e65ca4041cdd65085d7045fb26d388269a63c4d079",
    "https://deno.land/std@0.109.0/node/_util/_util_promisify.ts": "2ad6efe685f73443d5ed6ae009999789a8de4a0f01e6d2afdf242b4515477ee2",
    "https://deno.land/std@0.109.0/node/_util/_util_types.ts": "ae3d21e07c975f06590ab80bbde8173670d70ff40546267c0c1df869fc2ff00c",
    "https://deno.land/std@0.109.0/node/_utils.ts": "c32d3491e380488728d65ad471698ed0aadff7fe35bde0a26ba4dd8f434ed0e7",
    "https://deno.land/std@0.109.0/node/buffer.ts": "8128c5578810a937a1643c50b88a6b03e7c76d4239e3c9e5f49c1566e60ca626",
    "https://deno.land/std@0.109.0/node/events.ts": "f92ba300cb0a6efa4ff4d8a267a507ee725858d6a250a2eeb829ec99b21f90b1",
    "https://deno.land/std@0.109.0/node/fs.ts": "0f283d57d7d19b48845d80d9517c1a69c9b66cf29787ad1e182939e95c6a9c07",
    "https://deno.land/std@0.109.0/node/fs/promises.ts": "88258c223ef5774e8467e1b7707be8ebf490f62b024cb56cf2b4aae29a81a6dd",
    "https://deno.land/std@0.109.0/node/path.ts": "86b262d6957fba13d4f3d58a92ced49de4f40169d06542326b5547ff97257f0d",
    "https://deno.land/std@0.109.0/node/url.ts": "d2ea2b5d479c0a70404177840304dbe5bb77722c7bd2366ce7b6cd01ea1bef73",
    "https://deno.land/std@0.109.0/node/util.ts": "23878bd3ee67a52e67cfe5acb78c7ccce9c54735c6d280b069577605e8679935",
    "https://deno.land/std@0.109.0/path/_constants.ts": "1247fee4a79b70c89f23499691ef169b41b6ccf01887a0abd131009c5581b853",
    "https://deno.land/std@0.109.0/path/_interface.ts": "1fa73b02aaa24867e481a48492b44f2598cd9dfa513c7b34001437007d3642e4",
    "https://deno.land/std@0.109.0/path/_util.ts": "2e06a3b9e79beaf62687196bd4b60a4c391d862cfa007a20fc3a39f778ba073b",
    "https://deno.land/std@0.109.0/path/common.ts": "f41a38a0719a1e85aa11c6ba3bea5e37c15dd009d705bd8873f94c833568cbc4",
    "https://deno.land/std@0.109.0/path/glob.ts": "46708a3249cb5dc4a116cae3055114d6339bd5f0c1f412db6a4e0cb44c828a7d",
    "https://deno.land/std@0.109.0/path/mod.ts": "4465dc494f271b02569edbb4a18d727063b5dbd6ed84283ff906260970a15d12",
    "https://deno.land/std@0.109.0/path/posix.ts": "34349174b9cd121625a2810837a82dd8b986bbaaad5ade690d1de75bbb4555b2",
    "https://deno.land/std@0.109.0/path/separator.ts": "8fdcf289b1b76fd726a508f57d3370ca029ae6976fcde5044007f062e643ff1c",
    "https://deno.land/std@0.109.0/path/win32.ts": "2edb2f71f10578ee1168de01a8cbd3c65483e45a46bc2fa3156a0c6bfbd2720d",
    "https://deno.land/std@0.109.0/testing/_diff.ts": "ccd6c3af6e44c74bf1591acb1361995f5f50df64323a6e7fb3f16c8ea792c940",
    "https://deno.land/std@0.109.0/testing/asserts.ts": "6b0d6ba564bdff807bd0f0e93e02c48aa3177acf19416bf84a7f420191ef74cd",
    "https://deno.land/std@0.186.0/_util/asserts.ts": "178dfc49a464aee693a7e285567b3d0b555dc805ff490505a8aae34f9cfb1462",
    "https://deno.land/std@0.186.0/_util/os.ts": "d932f56d41e4f6a6093d56044e29ce637f8dcc43c5a90af43504a889cf1775e3",
    "https://deno.land/std@0.186.0/fs/exists.ts": "29c26bca8584a22876be7cb8844f1b6c8fc35e9af514576b78f5c6884d7ed02d",
    "https://deno.land/std@0.186.0/path/_constants.ts": "e49961f6f4f48039c0dfed3c3f93e963ca3d92791c9d478ac5b43183413136e0",
    "https://deno.land/std@0.186.0/path/_interface.ts": "6471159dfbbc357e03882c2266d21ef9afdb1e4aa771b0545e90db58a0ba314b",
    "https://deno.land/std@0.186.0/path/_util.ts": "d7abb1e0dea065f427b89156e28cdeb32b045870acdf865833ba808a73b576d0",
    "https://deno.land/std@0.186.0/path/common.ts": "ee7505ab01fd22de3963b64e46cff31f40de34f9f8de1fff6a1bd2fe79380000",
    "https://deno.land/std@0.186.0/path/glob.ts": "d479e0a695621c94d3fd7fe7abd4f9499caf32a8de13f25073451c6ef420a4e1",
    "https://deno.land/std@0.186.0/path/mod.ts": "ee161baec5ded6510ee1d1fb6a75a0f5e4b41f3f3301c92c716ecbdf7dae910d",
    "https://deno.land/std@0.186.0/path/posix.ts": "8b7c67ac338714b30c816079303d0285dd24af6b284f7ad63da5b27372a2c94d",
    "https://deno.land/std@0.186.0/path/separator.ts": "0fb679739d0d1d7bf45b68dacfb4ec7563597a902edbaf3c59b50d5bcadd93b1",
    "https://deno.land/std@0.186.0/path/win32.ts": "d186344e5583bcbf8b18af416d13d82b35a317116e6460a5a3953508c3de5bba",
    "https://deno.land/std@0.192.0/_util/asserts.ts": "178dfc49a464aee693a7e285567b3d0b555dc805ff490505a8aae34f9cfb1462",
    "https://deno.land/std@0.192.0/_util/os.ts": "d932f56d41e4f6a6093d56044e29ce637f8dcc43c5a90af43504a889cf1775e3",
    "https://deno.land/std@0.192.0/bytes/copy.ts": "939d89e302a9761dcf1d9c937c7711174ed74c59eef40a1e4569a05c9de88219",
    "https://deno.land/std@0.192.0/collections/_utils.ts": "5114abc026ddef71207a79609b984614e66a63a4bda17d819d56b0e72c51527e",
    "https://deno.land/std@0.192.0/collections/deep_merge.ts": "5a8ed29030f4471a5272785c57c3455fa79697b9a8f306013a8feae12bafc99a",
    "https://deno.land/std@0.192.0/fs/_util.ts": "fbf57dcdc9f7bc8128d60301eece608246971a7836a3bb1e78da75314f08b978",
    "https://deno.land/std@0.192.0/fs/copy.ts": "14214efd94fc3aa6db1e4af2b4b9578e50f7362b7f3725d5a14ad259a5df26c8",
    "https://deno.land/std@0.192.0/fs/empty_dir.ts": "c3d2da4c7352fab1cf144a1ecfef58090769e8af633678e0f3fabaef98594688",
    "https://deno.land/std@0.192.0/fs/ensure_dir.ts": "dc64c4c75c64721d4e3fb681f1382f803ff3d2868f08563ff923fdd20d071c40",
    "https://deno.land/std@0.192.0/fs/ensure_file.ts": "c38602670bfaf259d86ca824a94e6cb9e5eb73757fefa4ebf43a90dd017d53d9",
    "https://deno.land/std@0.192.0/fs/ensure_link.ts": "c0f5b2f0ec094ed52b9128eccb1ee23362a617457aa0f699b145d4883f5b2fb4",
    "https://deno.land/std@0.192.0/fs/ensure_symlink.ts": "5006ab2f458159c56d689b53b1e48d57e05eeb1eaf64e677f7f76a30bc4fdba1",
    "https://deno.land/std@0.192.0/fs/eol.ts": "f1f2eb348a750c34500741987b21d65607f352cf7205f48f4319d417fff42842",
    "https://deno.land/std@0.192.0/fs/exists.ts": "29c26bca8584a22876be7cb8844f1b6c8fc35e9af514576b78f5c6884d7ed02d",
    "https://deno.land/std@0.192.0/fs/expand_glob.ts": "e4f56259a0a70fe23f05215b00de3ac5e6ba46646ab2a06ebbe9b010f81c972a",
    "https://deno.land/std@0.192.0/fs/mod.ts": "bc3d0acd488cc7b42627044caf47d72019846d459279544e1934418955ba4898",
    "https://deno.land/std@0.192.0/fs/move.ts": "b4f8f46730b40c32ea3c0bc8eb0fd0e8139249a698883c7b3756424cf19785c9",
    "https://deno.land/std@0.192.0/fs/walk.ts": "920be35a7376db6c0b5b1caf1486fb962925e38c9825f90367f8f26b5e5d0897",
    "https://deno.land/std@0.192.0/io/buffer.ts": "17f4410eaaa60a8a85733e8891349a619eadfbbe42e2f319283ce2b8f29723ab",
    "https://deno.land/std@0.192.0/path/_constants.ts": "e49961f6f4f48039c0dfed3c3f93e963ca3d92791c9d478ac5b43183413136e0",
    "https://deno.land/std@0.192.0/path/_interface.ts": "6471159dfbbc357e03882c2266d21ef9afdb1e4aa771b0545e90db58a0ba314b",
    "https://deno.land/std@0.192.0/path/_util.ts": "d7abb1e0dea065f427b89156e28cdeb32b045870acdf865833ba808a73b576d0",
    "https://deno.land/std@0.192.0/path/common.ts": "ee7505ab01fd22de3963b64e46cff31f40de34f9f8de1fff6a1bd2fe79380000",
    "https://deno.land/std@0.192.0/path/glob.ts": "d479e0a695621c94d3fd7fe7abd4f9499caf32a8de13f25073451c6ef420a4e1",
    "https://deno.land/std@0.192.0/path/mod.ts": "f065032a7189404fdac3ad1a1551a9ac84751d2f25c431e101787846c86c79ef",
    "https://deno.land/std@0.192.0/path/posix.ts": "8b7c67ac338714b30c816079303d0285dd24af6b284f7ad63da5b27372a2c94d",
    "https://deno.land/std@0.192.0/path/separator.ts": "0fb679739d0d1d7bf45b68dacfb4ec7563597a902edbaf3c59b50d5bcadd93b1",
    "https://deno.land/std@0.192.0/path/win32.ts": "d186344e5583bcbf8b18af416d13d82b35a317116e6460a5a3953508c3de5bba",
    "https://deno.land/x/denoflate@1.2.1/mod.ts": "f5628e44b80b3d80ed525afa2ba0f12408e3849db817d47a883b801f9ce69dd6",
    "https://deno.land/x/denoflate@1.2.1/pkg/denoflate.js": "b9f9ad9457d3f12f28b1fb35c555f57443427f74decb403113d67364e4f2caf4",
    "https://deno.land/x/denoflate@1.2.1/pkg/denoflate_bg.wasm.js": "d581956245407a2115a3d7e8d85a9641c032940a8e810acbd59ca86afd34d44d",
    "https://deno.land/x/esbuild@v0.18.5/mod.js": "9a7c84e1e9c06fa7131cb445d27acde4fe7007c3f3af148da825bd6fb4273578",
    "https://deno.land/x/eta@v2.2.0/compile-string.ts": "ecd6c10c1f826107758c1d7bbbb609cefeb98f0d6b1f6c7e1088d81febc07f9d",
    "https://deno.land/x/eta@v2.2.0/compile.ts": "f70e124ef6fc95a359b735dcf73dde5815b0f89611877f5c124f317e0dcff7bc",
    "https://deno.land/x/eta@v2.2.0/config.ts": "f5e845c87be449013c8192e06780a94c4d26d3f1b4f3cfb6d8d9a6a775b2f344",
    "https://deno.land/x/eta@v2.2.0/containers.ts": "c584fb0daa77c11d31ccb74256adad116354411d030378a04e9745c358a3a453",
    "https://deno.land/x/eta@v2.2.0/err.ts": "1b0b45e039ca98f66182e00988445d62a1aab859982b603d849b7d025a9d7458",
    "https://deno.land/x/eta@v2.2.0/file-handlers.ts": "96a637e47fbb43f064a852ea2d774ac7c635e661652f45f6282c64c49097a1ab",
    "https://deno.land/x/eta@v2.2.0/file-helpers.ts": "4f031d275be10888ce0b7f99e3509e8cbef24bb4d5f1ebb1760659e41bb538f0",
    "https://deno.land/x/eta@v2.2.0/file-methods.ts": "f5dc9b7353c4c816577c8f974d9f56681641aa1159cae5d0e52d4cc0b5c806a7",
    "https://deno.land/x/eta@v2.2.0/file-utils.ts": "8863edbdf6fa5ef5ae78fb37f9a3899e7331e1a4391a571337aac9d5cdc0e2db",
    "https://deno.land/x/eta@v2.2.0/mod.ts": "31219e28b55d1ff1777ef0e5513ea3588ebd5f220b512212334ec470030c2e39",
    "https://deno.land/x/eta@v2.2.0/parse.ts": "6a4dce40dc507bb738e6f31dea71da7d7d10307d52c98e375171eb40aaaaee94",
    "https://deno.land/x/eta@v2.2.0/polyfills.ts": "048f697fdf0ef002cc59cf7a69cf370e11877c3b7f9c0b68dd84ab4762e0ffdc",
    "https://deno.land/x/eta@v2.2.0/render.ts": "c6bdc538cb9c2ffc1593ac7ce0fd55c711a65cd6a909b097c913ea47056badb4",
    "https://deno.land/x/eta@v2.2.0/storage.ts": "46f762d1c04d9095ed6fb694c0d993e9ae507a69bab469a5a3bd23a5a9a79983",
    "https://deno.land/x/eta@v2.2.0/utils.ts": "e30a240bded14fde639287c8fb1f826c86c22c50264f4c69a266100307c381a9",
    "https://deno.land/x/eta@v3.0.3/src/compile-string.ts": "e919c1a5e2cf460dbbd93047ab3548a630e5eb5c7fa019335c08e95b50e86cd7",
    "https://deno.land/x/eta@v3.0.3/src/compile.ts": "146782227ddd5c423d07dedb2be40a2a5643c7429d9a3af5ac9a79c21bf7ae95",
    "https://deno.land/x/eta@v3.0.3/src/config.ts": "7e2971ba3ec4b31b5f1ae0ea71957f0a2b868285192be77836d65ca27adb4f90",
    "https://deno.land/x/eta@v3.0.3/src/core.ts": "53a9a10c8fc06ce88155a125ffb7db724afb7b4e16d6f646b20a29f27baa2cdf",
    "https://deno.land/x/eta@v3.0.3/src/err.ts": "e9732b5f7fe729fed9d67868ff7d87ef1002d45d0a8a4e8f7fb1fa9ec2e2d50b",
    "https://deno.land/x/eta@v3.0.3/src/file-handling.ts": "ac54a84c4e73f47629d69725b8557080caf4e03cf34413b4a2a3f3a10c0abb25",
    "https://deno.land/x/eta@v3.0.3/src/index.ts": "fa1e18db556462293408c7a455b05b5253aae460c97811f88bb023cdc3f95f62",
    "https://deno.land/x/eta@v3.0.3/src/parse.ts": "8cb25b4ccf58ea7f08fe9835f7eb8bf45917d6d743d28d1e25cadc9fc908cb32",
    "https://deno.land/x/eta@v3.0.3/src/render.ts": "bfd57548d5fdae11c1c1683ff748783c1f85be3db3c24fcc80ce915692b004dd",
    "https://deno.land/x/eta@v3.0.3/src/storage.ts": "c40bd31cdd6f1218c86f70067282709e2f2c7fa7eea67547be950e1ed5d4bd4c",
    "https://deno.land/x/eta@v3.0.3/src/utils.ts": "1994c8d228195558fb6785fb00a97cf21a457df598a6ab1945170f7a4b7f00d9",
    "https://deno.land/x/events@v1.0.0/mod.ts": "3e2655ffa5e86a6ee01022f964b7fdc6152c007106c47b02958e766c6614dbaf",
    "https://deno.land/x/nanoid@v3.0.0/nanoid.ts": "8d119bc89a0f34e7bbe0c2dbdc280d01753e431af553d189663492310a31085d",
    "https://deno.land/x/nanoid@v3.0.0/random.ts": "4da71d5f72f2bfcc6a4ee79b5d4e72f48dcf4fe4c3835fd5ebab08b9f33cd598",
    "https://deno.land/x/nanoid@v3.0.0/urlAlphabet.ts": "8b1511deb1ecb23c66202b6000dc10fb68f9a96b5550c6c8cef5009324793431",
    "https://deno.land/x/postcss@8.4.16/lib/at-rule.js": "1ca2a26f0feb3889acfdb98477eb8d4fef4e5d141d0571312358376dc3c6ec2c",
    "https://deno.land/x/postcss@8.4.16/lib/comment.js": "349973bdfc8d0aae3da1256d54e7e1fb003dfecbe1c09a2a50c9701d1dcd665b",
    "https://deno.land/x/postcss@8.4.16/lib/container.js": "0e063ca4fa5bc493c4aa1be290ea4ee25503b98280c52480cc6b4379b8f1e709",
    "https://deno.land/x/postcss@8.4.16/lib/css-syntax-error.js": "5572fbde8f3300996e3a9847ffc1a4beb566671198fe65eb94e2f556b45f048f",
    "https://deno.land/x/postcss@8.4.16/lib/declaration.js": "d74d7f3cdff45ea71044d53f3cc3df57335ba3ccaf1c92957898244da7193387",
    "https://deno.land/x/postcss@8.4.16/lib/deps.js": "8e20b9a064f86d37f138f2646cddc9071614df4084531d66bf932605944921c3",
    "https://deno.land/x/postcss@8.4.16/lib/document.js": "040ba2a6320829bae7c901c4fa413a27b1344c9b19fd9c457692439660111664",
    "https://deno.land/x/postcss@8.4.16/lib/fromJSON.js": "8eca2aa3fc81439dde94bda790028fbdd8f02897704c06bd0b57ddc479a67eca",
    "https://deno.land/x/postcss@8.4.16/lib/input.js": "67f0dea431191138909dc9c44aaef539fa3019905dbcbaf918ec093bb566a325",
    "https://deno.land/x/postcss@8.4.16/lib/lazy-result.js": "8da20efbb934d01597e560700639bcffb15529ed427ae67956047b76607a3da6",
    "https://deno.land/x/postcss@8.4.16/lib/list.js": "7b0bfbc4872f293235809535a123fd2db2063f9b4ccc0c61bc5d1a9983bfc33d",
    "https://deno.land/x/postcss@8.4.16/lib/map-generator.js": "7659aeb45b60d0ecbf1d0961b402498ca18ea6f27b00afc04fdabcd3b8d4276f",
    "https://deno.land/x/postcss@8.4.16/lib/no-work-result.js": "cebf56f72cd1ba1368ad0cdc5032a2d1fffcfe7feade5379291752489fb10b5b",
    "https://deno.land/x/postcss@8.4.16/lib/node.js": "34068358ebc72ac973840044ffa1734475d27cb4e05ebcd2c159a3faef2fd689",
    "https://deno.land/x/postcss@8.4.16/lib/parse.js": "1b04216ca19b88b92e73b04432440f6095a563fee877baae952546a3d3c38651",
    "https://deno.land/x/postcss@8.4.16/lib/parser.js": "bba103c7cf98c5cb73c367a0d49e8e31eb47cb29c6935e4617b7a036f8712812",
    "https://deno.land/x/postcss@8.4.16/lib/postcss.d.ts": "10ce9d85322db34cf4c4853f863c3b34a22a2af328e7f8ac5b7c584efcb9b9d5",
    "https://deno.land/x/postcss@8.4.16/lib/postcss.js": "1f0caa2e7b80c52829181cbb913260782a2d729121f3ae17f0f5dff659fa508d",
    "https://deno.land/x/postcss@8.4.16/lib/previous-map.js": "e41d9eef67f82c48aa25179003c90ad8daa0928845fc916d86cdbe79906bc62f",
    "https://deno.land/x/postcss@8.4.16/lib/processor.js": "fa0bf6f764b2e933e18987300fb332b4e15c70a8fae97bbcc5b4e706e2997c93",
    "https://deno.land/x/postcss@8.4.16/lib/result.js": "53a68cf79a9b57a286358854a3e402493e5136104f9e8a075400ce0b62ab7be3",
    "https://deno.land/x/postcss@8.4.16/lib/root.js": "cf1f18916c94fd446f40643d4ef62102e0b9e1ee20716d027645068f7264220a",
    "https://deno.land/x/postcss@8.4.16/lib/rule.js": "b8415d2af6a7ed90032d7b64be71194ce45e37e84214f4b327e7aebd80a055f5",
    "https://deno.land/x/postcss@8.4.16/lib/source_map.ts": "c645fef79e9ecec8127f679794d6377199245a5000196899db7414f2ba16702e",
    "https://deno.land/x/postcss@8.4.16/lib/stringifier.js": "b641619d5d3cd05218c84c630a6866dae346a461499772598b90890a5239f15e",
    "https://deno.land/x/postcss@8.4.16/lib/stringify.js": "704ca56e8b5982885c62c0299b95c56476d84d4099e9236a61f851ce742a689f",
    "https://deno.land/x/postcss@8.4.16/lib/symbols.js": "97c177b55f6b88f6cabc0c2442e3f2a816b8e6b68d851789a53e1218f1a3cf10",
    "https://deno.land/x/postcss@8.4.16/lib/terminal-highlight.js": "fd42d88fd9ba79f758deb48901d0498676dfd95fe869e40a963773518a837783",
    "https://deno.land/x/postcss@8.4.16/lib/tokenize.js": "1594cee92e1741341c49a00d17577d3d63ec87acfef9214562c151388fcd4c8d",
    "https://deno.land/x/postcss@8.4.16/lib/warn-once.js": "9218bd5ac65a1cec4baace385830555d8a7bfaba20dcae6da0f0d75f81ac89c1",
    "https://deno.land/x/postcss@8.4.16/lib/warning.js": "a51223bf1cf2da3126dbc5c93d74a6b32844495d0da9d92c1fc38863aec2cb3d",
    "https://deno.land/x/postcss@8.4.16/mod.js": "131f9d70e2327d445cecb4b51d702857e515d2f34eb957c7eefe7542452d678f",
    "https://deno.land/x/source_map@0.6.2/lib/array-set.js": "7283ef86b0f3bf004fa8e013a94dfea0aec9108d492643d81ff9a70d1719c468",
    "https://deno.land/x/source_map@0.6.2/lib/base64-vlq.js": "63b317643095f62f8998d75dec66560a485a505eb3a9a3bfd5d0f53506844303",
    "https://deno.land/x/source_map@0.6.2/lib/base64.js": "58a37dc884c78cffff2173021b942a9d9b031a7f7c212b550a0c8b02915f840d",
    "https://deno.land/x/source_map@0.6.2/lib/binary-search.js": "3094b75caaca7ad0459edd2a77c4a3670d7d468ea5cd53b8cb8277be882cd441",
    "https://deno.land/x/source_map@0.6.2/lib/mapping-list.js": "ceaee80be9edcff40ccceb7ca742427aada2ad89897e43f0d02fa570e23aa56a",
    "https://deno.land/x/source_map@0.6.2/lib/quick-sort.js": "7086dd17429f5afa6a4474219f21bc900489da8f5981d250377e6b1278878bac",
    "https://deno.land/x/source_map@0.6.2/lib/source-map-consumer.js": "2a2061d996d12089c75c985dd7d797c4b9488c08858c858d849910182214726b",
    "https://deno.land/x/source_map@0.6.2/lib/source-map-generator.js": "353d1e61ef46f93945caf202e90f6b11a31de41be4cebf0aaed11a8ce8dd1f32",
    "https://deno.land/x/source_map@0.6.2/lib/source-node.js": "e3fa5e9fb604b770ad803a04a79a03b917356dcfb4de671e6b9466276608edca",
    "https://deno.land/x/source_map@0.6.2/lib/util.js": "8095afcc2f330d40637849308441c5d64c45b24aa8dc985a148b665099b3004e",
    "https://deno.land/x/source_map@0.6.2/mod.js": "5fb2a8af1c6ab0f17ab4033db8b412402d28d661344747beba19387addab2b32"
  },
  "npm": {
    "specifiers": {
      "eta": "eta@3.0.3",
      "lightningcss@1.21.0": "lightningcss@1.21.0",
      "pug": "pug@3.0.2",
      "sass": "sass@1.63.6"
    },
    "packages": {
      "@babel/helper-string-parser@7.22.5": {
        "integrity": "sha512-mM4COjgZox8U+JcXQwPijIZLElkgEpO5rsERVDJTc2qfCDfERyob6k5WegS14SX18IIjv+XD+GrqNumY5JRCDw==",
        "dependencies": {}
      },
      "@babel/helper-validator-identifier@7.22.5": {
        "integrity": "sha512-aJXu+6lErq8ltp+JhkJUfk1MTGyuA4v7f3pA+BJ5HLfNC6nAQ0Cpi9uOquUj8Hehg0aUiHzWQbOVJGao6ztBAQ==",
        "dependencies": {}
      },
      "@babel/parser@7.22.5": {
        "integrity": "sha512-DFZMC9LJUG9PLOclRC32G63UXwzqS2koQC8dkx+PLdmt1xSePYpbT/NbsrJy8Q/muXz7o/h/d4A7Fuyixm559Q==",
        "dependencies": {}
      },
      "@babel/types@7.22.5": {
        "integrity": "sha512-zo3MIHGOkPOfoRXitsgHLjEXmlDaD/5KU1Uzuc9GNiZPhSqVxVRtxuPaSBZDsYZ9qV88AjtMtWW7ww98loJ9KA==",
        "dependencies": {
          "@babel/helper-string-parser": "@babel/helper-string-parser@7.22.5",
          "@babel/helper-validator-identifier": "@babel/helper-validator-identifier@7.22.5",
          "to-fast-properties": "to-fast-properties@2.0.0"
        }
      },
      "acorn@7.4.1": {
        "integrity": "sha512-nQyp0o1/mNdbTO1PO6kHkwSrmgZ0MT/jCCpNiwbUjGoRN4dlBhqJtoQuCnEOKzgTVwg0ZWiCoQy6SxMebQVh8A==",
        "dependencies": {}
      },
      "anymatch@3.1.3": {
        "integrity": "sha512-KMReFUr0B4t+D+OBkjR3KYqvocp2XaSzO55UcB6mgQMd3KbcE+mWTyvVV7D/zsdEbNnV6acZUutkiHQXvTr1Rw==",
        "dependencies": {
          "normalize-path": "normalize-path@3.0.0",
          "picomatch": "picomatch@2.3.1"
        }
      },
      "asap@2.0.6": {
        "integrity": "sha512-BSHWgDSAiKs50o2Re8ppvp3seVHXSRM44cdSsT9FfNEUUZLOGWVCsiWaRPWM1Znn+mqZ1OfVZ3z3DWEzSp7hRA==",
        "dependencies": {}
      },
      "assert-never@1.2.1": {
        "integrity": "sha512-TaTivMB6pYI1kXwrFlEhLeGfOqoDNdTxjCdwRfFFkEA30Eu+k48W34nlok2EYWJfFFzqaEmichdNM7th6M5HNw==",
        "dependencies": {}
      },
      "babel-walk@3.0.0-canary-5": {
        "integrity": "sha512-GAwkz0AihzY5bkwIY5QDR+LvsRQgB/B+1foMPvi0FZPMl5fjD7ICiznUiBdLYMH1QYe6vqu4gWYytZOccLouFw==",
        "dependencies": {
          "@babel/types": "@babel/types@7.22.5"
        }
      },
      "binary-extensions@2.2.0": {
        "integrity": "sha512-jDctJ/IVQbZoJykoeHbhXpOlNBqGNcwXJKJog42E5HDPUwQTSdjCHdihjj0DlnheQ7blbT6dHOafNAiS8ooQKA==",
        "dependencies": {}
      },
      "braces@3.0.2": {
        "integrity": "sha512-b8um+L1RzM3WDSzvhm6gIz1yfTbBt6YTlcEKAvsmqCZZFw46z626lVj9j1yEPW33H5H+lBQpZMP1k8l+78Ha0A==",
        "dependencies": {
          "fill-range": "fill-range@7.0.1"
        }
      },
      "call-bind@1.0.2": {
        "integrity": "sha512-7O+FbCihrB5WGbFYesctwmTKae6rOiIzmz1icreWJ+0aA7LJfuqhEso2T9ncpcFtzMQtzXf2QGGueWJGTYsqrA==",
        "dependencies": {
          "function-bind": "function-bind@1.1.1",
          "get-intrinsic": "get-intrinsic@1.2.1"
        }
      },
      "character-parser@2.2.0": {
        "integrity": "sha512-+UqJQjFEFaTAs3bNsF2j2kEN1baG/zghZbdqoYEDxGZtJo9LBzl1A+m0D4n3qKx8N2FNv8/Xp6yV9mQmBuptaw==",
        "dependencies": {
          "is-regex": "is-regex@1.1.4"
        }
      },
      "chokidar@3.5.3": {
        "integrity": "sha512-Dr3sfKRP6oTcjf2JmUmFJfeVMvXBdegxB0iVQ5eb2V10uFJUCAS8OByZdVAyVb8xXNz3GjjTgj9kLWsZTqE6kw==",
        "dependencies": {
          "anymatch": "anymatch@3.1.3",
          "braces": "braces@3.0.2",
          "fsevents": "fsevents@2.3.2",
          "glob-parent": "glob-parent@5.1.2",
          "is-binary-path": "is-binary-path@2.1.0",
          "is-glob": "is-glob@4.0.3",
          "normalize-path": "normalize-path@3.0.0",
          "readdirp": "readdirp@3.6.0"
        }
      },
      "constantinople@4.0.1": {
        "integrity": "sha512-vCrqcSIq4//Gx74TXXCGnHpulY1dskqLTFGDmhrGxzeXL8lF8kvXv6mpNWlJj1uD4DW23D4ljAqbY4RRaaUZIw==",
        "dependencies": {
          "@babel/parser": "@babel/parser@7.22.5",
          "@babel/types": "@babel/types@7.22.5"
        }
      },
      "detect-libc@1.0.3": {
        "integrity": "sha512-pGjwhsmsp4kL2RTz08wcOlGN83otlqHeD/Z5T8GXZB+/YcpQ/dgo+lbU8ZsGxV0HIvqqxo9l7mqYwyYMD9bKDg==",
        "dependencies": {}
      },
      "doctypes@1.1.0": {
        "integrity": "sha512-LLBi6pEqS6Do3EKQ3J0NqHWV5hhb78Pi8vvESYwyOy2c31ZEZVdtitdzsQsKb7878PEERhzUk0ftqGhG6Mz+pQ==",
        "dependencies": {}
      },
      "eta@3.0.3": {
        "integrity": "sha512-92A9Ag87aSb/y7e9EwA17VsbV1t2NmZNVlxtwHIkQcxYq20Ch7aAVNJqb5w6bsJVXRsBdvzn6R8WDPCHI9ewdA==",
        "dependencies": {}
      },
      "fill-range@7.0.1": {
        "integrity": "sha512-qOo9F+dMUmC2Lcb4BbVvnKJxTPjCm+RRpe4gDuGrzkL7mEVl/djYSu2OdQ2Pa302N4oqkSg9ir6jaLWJ2USVpQ==",
        "dependencies": {
          "to-regex-range": "to-regex-range@5.0.1"
        }
      },
      "fsevents@2.3.2": {
        "integrity": "sha512-xiqMQR4xAeHTuB9uWm+fFRcIOgKBMiOBP+eXiyT7jsgVCq1bkVygt00oASowB7EdtpOHaaPgKt812P9ab+DDKA==",
        "dependencies": {}
      },
      "function-bind@1.1.1": {
        "integrity": "sha512-yIovAzMX49sF8Yl58fSCWJ5svSLuaibPxXQJFLmBObTuCr0Mf1KiPopGM9NiFjiYBCbfaa2Fh6breQ6ANVTI0A==",
        "dependencies": {}
      },
      "get-intrinsic@1.2.1": {
        "integrity": "sha512-2DcsyfABl+gVHEfCOaTrWgyt+tb6MSEGmKq+kI5HwLbIYgjgmMcV8KQ41uaKz1xxUcn9tJtgFbQUEVcEbd0FYw==",
        "dependencies": {
          "function-bind": "function-bind@1.1.1",
          "has": "has@1.0.3",
          "has-proto": "has-proto@1.0.1",
          "has-symbols": "has-symbols@1.0.3"
        }
      },
      "glob-parent@5.1.2": {
        "integrity": "sha512-AOIgSQCepiJYwP3ARnGx+5VnTu2HBYdzbGP45eLw1vr3zB3vZLeyed1sC9hnbcOc9/SrMyM5RPQrkGz4aS9Zow==",
        "dependencies": {
          "is-glob": "is-glob@4.0.3"
        }
      },
      "has-proto@1.0.1": {
        "integrity": "sha512-7qE+iP+O+bgF9clE5+UoBFzE65mlBiVj3tKCrlNQ0Ogwm0BjpT/gK4SlLYDMybDh5I3TCTKnPPa0oMG7JDYrhg==",
        "dependencies": {}
      },
      "has-symbols@1.0.3": {
        "integrity": "sha512-l3LCuF6MgDNwTDKkdYGEihYjt5pRPbEg46rtlmnSPlUbgmB8LOIrKJbYYFBSbnPaJexMKtiPO8hmeRjRz2Td+A==",
        "dependencies": {}
      },
      "has-tostringtag@1.0.0": {
        "integrity": "sha512-kFjcSNhnlGV1kyoGk7OXKSawH5JOb/LzUc5w9B02hOTO0dfFRjbHQKvg1d6cf3HbeUmtU9VbbV3qzZ2Teh97WQ==",
        "dependencies": {
          "has-symbols": "has-symbols@1.0.3"
        }
      },
      "has@1.0.3": {
        "integrity": "sha512-f2dvO0VU6Oej7RkWJGrehjbzMAjFp5/VKPp5tTpWIV4JHHZK1/BxbFRtf/siA2SWTe09caDmVtYYzWEIbBS4zw==",
        "dependencies": {
          "function-bind": "function-bind@1.1.1"
        }
      },
      "immutable@4.3.0": {
        "integrity": "sha512-0AOCmOip+xgJwEVTQj1EfiDDOkPmuyllDuTuEX+DDXUgapLAsBIfkg3sxCYyCEA8mQqZrrxPUGjcOQ2JS3WLkg==",
        "dependencies": {}
      },
      "is-binary-path@2.1.0": {
        "integrity": "sha512-ZMERYes6pDydyuGidse7OsHxtbI7WVeUEozgR/g7rd0xUimYNlvZRE/K2MgZTjWy725IfelLeVcEM97mmtRGXw==",
        "dependencies": {
          "binary-extensions": "binary-extensions@2.2.0"
        }
      },
      "is-core-module@2.12.1": {
        "integrity": "sha512-Q4ZuBAe2FUsKtyQJoQHlvP8OvBERxO3jEmy1I7hcRXcJBGGHFh/aJBswbXuS9sgrDH2QUO8ilkwNPHvHMd8clg==",
        "dependencies": {
          "has": "has@1.0.3"
        }
      },
      "is-expression@4.0.0": {
        "integrity": "sha512-zMIXX63sxzG3XrkHkrAPvm/OVZVSCPNkwMHU8oTX7/U3AL78I0QXCEICXUM13BIa8TYGZ68PiTKfQz3yaTNr4A==",
        "dependencies": {
          "acorn": "acorn@7.4.1",
          "object-assign": "object-assign@4.1.1"
        }
      },
      "is-extglob@2.1.1": {
        "integrity": "sha512-SbKbANkN603Vi4jEZv49LeVJMn4yGwsbzZworEoyEiutsN3nJYdbO36zfhGJ6QEDpOZIFkDtnq5JRxmvl3jsoQ==",
        "dependencies": {}
      },
      "is-glob@4.0.3": {
        "integrity": "sha512-xelSayHH36ZgE7ZWhli7pW34hNbNl8Ojv5KVmkJD4hBdD3th8Tfk9vYasLM+mXWOZhFkgZfxhLSnrwRr4elSSg==",
        "dependencies": {
          "is-extglob": "is-extglob@2.1.1"
        }
      },
      "is-number@7.0.0": {
        "integrity": "sha512-41Cifkg6e8TylSpdtTpeLVMqvSBEVzTttHvERD741+pnZ8ANv0004MRL43QKPDlK9cGvNp6NZWZUBlbGXYxxng==",
        "dependencies": {}
      },
      "is-promise@2.2.2": {
        "integrity": "sha512-+lP4/6lKUBfQjZ2pdxThZvLUAafmZb8OAxFb8XXtiQmS35INgr85hdOGoEs124ez1FCnZJt6jau/T+alh58QFQ==",
        "dependencies": {}
      },
      "is-regex@1.1.4": {
        "integrity": "sha512-kvRdxDsxZjhzUX07ZnLydzS1TU/TJlTUHHY4YLL87e37oUA49DfkLqgy+VjFocowy29cKvcSiu+kIv728jTTVg==",
        "dependencies": {
          "call-bind": "call-bind@1.0.2",
          "has-tostringtag": "has-tostringtag@1.0.0"
        }
      },
      "js-stringify@1.0.2": {
        "integrity": "sha512-rtS5ATOo2Q5k1G+DADISilDA6lv79zIiwFd6CcjuIxGKLFm5C+RLImRscVap9k55i+MOZwgliw+NejvkLuGD5g==",
        "dependencies": {}
      },
      "jstransformer@1.0.0": {
        "integrity": "sha512-C9YK3Rf8q6VAPDCCU9fnqo3mAfOH6vUGnMcP4AQAYIEpWtfGLpwOTmZ+igtdK5y+VvI2n3CyYSzy4Qh34eq24A==",
        "dependencies": {
          "is-promise": "is-promise@2.2.2",
          "promise": "promise@7.3.1"
        }
      },
      "lightningcss-darwin-arm64@1.21.0": {
        "integrity": "sha512-WcJmVmbNUnCbUqqXV46ZsriFtWJujcPkn+w2cu4R+EgpXuibyTP/gzahmX0gc4RYQxTz2zXIeGx4cF2gr8fLwA==",
        "dependencies": {}
      },
      "lightningcss-darwin-x64@1.21.0": {
        "integrity": "sha512-xHwMHfcTIHX6fY4YQimI1V/KcbozoNVeKMncZzrp/3NAj0sp3ktxobCj1e0sGqVJMUMaHu/SWvt0mS8jAIhkYw==",
        "dependencies": {}
      },
      "lightningcss-linux-arm-gnueabihf@1.21.0": {
        "integrity": "sha512-rk1cr+C2IA1QHvh0QJAPXsQ2vrwCksms7fgfaw43RIERBWa6EEM5p0/1CWhdZ5zrl9veUdY6NRaNGRJjJL0iLw==",
        "dependencies": {}
      },
      "lightningcss-linux-arm64-gnu@1.21.0": {
        "integrity": "sha512-JkOG8K2Y4m5MeP3DlaHOgGDDtHbhbJcN8JcizFN0snUIIru1qxYNWPhAQsEwysuTRY9aANP0nScZJkALpcYmgA==",
        "dependencies": {}
      },
      "lightningcss-linux-arm64-musl@1.21.0": {
        "integrity": "sha512-4Zx51DbR41neTFMs28CI9cZpX/mF5Urc6pChTio5nZhrz6FC1pRGiwxNJ+G15a/YPvRmPmvQd3Mz1N4WEgbj2A==",
        "dependencies": {}
      },
      "lightningcss-linux-x64-gnu@1.21.0": {
        "integrity": "sha512-PN33pPK/O3b4qMfWcJ2eis7NLqEkyW2NEh9X4rWfJrBtOnSbgafuYUuEtO5Ylu+dL3oUKc5usB07FGeil3RzeA==",
        "dependencies": {}
      },
      "lightningcss-linux-x64-musl@1.21.0": {
        "integrity": "sha512-S51OT7TRfS5x8aN/8frv/JSXCGm+11VuhM4WCiTqDPjhHUDWd8nwiN/7s5juiwrlrpOxb5UKq21EKDrISoGQpw==",
        "dependencies": {}
      },
      "lightningcss-win32-x64-msvc@1.21.0": {
        "integrity": "sha512-yW6/ZDJAHrSWtRltH1tr2I+2sn374gK2yclc44HMfpxfjIYgXMUkzqstalloMUQpZFR6M0ltXo5/tuLWoBydGQ==",
        "dependencies": {}
      },
      "lightningcss@1.21.0": {
        "integrity": "sha512-HDznZexdDMvC98c79vRE+oW5vFncTlLjJopzK4azReOilq6n4XIscCMhvgiXkstYMM/dCe6FJw0oed06ck8AtA==",
        "dependencies": {
          "detect-libc": "detect-libc@1.0.3",
          "lightningcss-darwin-arm64": "lightningcss-darwin-arm64@1.21.0",
          "lightningcss-darwin-x64": "lightningcss-darwin-x64@1.21.0",
          "lightningcss-linux-arm-gnueabihf": "lightningcss-linux-arm-gnueabihf@1.21.0",
          "lightningcss-linux-arm64-gnu": "lightningcss-linux-arm64-gnu@1.21.0",
          "lightningcss-linux-arm64-musl": "lightningcss-linux-arm64-musl@1.21.0",
          "lightningcss-linux-x64-gnu": "lightningcss-linux-x64-gnu@1.21.0",
          "lightningcss-linux-x64-musl": "lightningcss-linux-x64-musl@1.21.0",
          "lightningcss-win32-x64-msvc": "lightningcss-win32-x64-msvc@1.21.0"
        }
      },
      "normalize-path@3.0.0": {
        "integrity": "sha512-6eZs5Ls3WtCisHWp9S2GUy8dqkpGi4BVSz3GaqiE6ezub0512ESztXUwUB6C6IKbQkY2Pnb/mD4WYojCRwcwLA==",
        "dependencies": {}
      },
      "object-assign@4.1.1": {
        "integrity": "sha512-rJgTQnkUnH1sFw8yT6VSU3zD3sWmu6sZhIseY8VX+GRu3P6F7Fu+JNDoXfklElbLJSnc3FUQHVe4cU5hj+BcUg==",
        "dependencies": {}
      },
      "path-parse@1.0.7": {
        "integrity": "sha512-LDJzPVEEEPR+y48z93A0Ed0yXb8pAByGWo/k5YYdYgpY2/2EsOsksJrq7lOHxryrVOn1ejG6oAp8ahvOIQD8sw==",
        "dependencies": {}
      },
      "picomatch@2.3.1": {
        "integrity": "sha512-JU3teHTNjmE2VCGFzuY8EXzCDVwEqB2a8fsIvwaStHhAWJEeVd1o1QD80CU6+ZdEXXSLbSsuLwJjkCBWqRQUVA==",
        "dependencies": {}
      },
      "promise@7.3.1": {
        "integrity": "sha512-nolQXZ/4L+bP/UGlkfaIujX9BKxGwmQ9OT4mOt5yvy8iK1h3wqTEJCijzGANTCCl9nWjY41juyAn2K3Q1hLLTg==",
        "dependencies": {
          "asap": "asap@2.0.6"
        }
      },
      "pug-attrs@3.0.0": {
        "integrity": "sha512-azINV9dUtzPMFQktvTXciNAfAuVh/L/JCl0vtPCwvOA21uZrC08K/UnmrL+SXGEVc1FwzjW62+xw5S/uaLj6cA==",
        "dependencies": {
          "constantinople": "constantinople@4.0.1",
          "js-stringify": "js-stringify@1.0.2",
          "pug-runtime": "pug-runtime@3.0.1"
        }
      },
      "pug-code-gen@3.0.2": {
        "integrity": "sha512-nJMhW16MbiGRiyR4miDTQMRWDgKplnHyeLvioEJYbk1RsPI3FuA3saEP8uwnTb2nTJEKBU90NFVWJBk4OU5qyg==",
        "dependencies": {
          "constantinople": "constantinople@4.0.1",
          "doctypes": "doctypes@1.1.0",
          "js-stringify": "js-stringify@1.0.2",
          "pug-attrs": "pug-attrs@3.0.0",
          "pug-error": "pug-error@2.0.0",
          "pug-runtime": "pug-runtime@3.0.1",
          "void-elements": "void-elements@3.1.0",
          "with": "with@7.0.2"
        }
      },
      "pug-error@2.0.0": {
        "integrity": "sha512-sjiUsi9M4RAGHktC1drQfCr5C5eriu24Lfbt4s+7SykztEOwVZtbFk1RRq0tzLxcMxMYTBR+zMQaG07J/btayQ==",
        "dependencies": {}
      },
      "pug-filters@4.0.0": {
        "integrity": "sha512-yeNFtq5Yxmfz0f9z2rMXGw/8/4i1cCFecw/Q7+D0V2DdtII5UvqE12VaZ2AY7ri6o5RNXiweGH79OCq+2RQU4A==",
        "dependencies": {
          "constantinople": "constantinople@4.0.1",
          "jstransformer": "jstransformer@1.0.0",
          "pug-error": "pug-error@2.0.0",
          "pug-walk": "pug-walk@2.0.0",
          "resolve": "resolve@1.22.3"
        }
      },
      "pug-lexer@5.0.1": {
        "integrity": "sha512-0I6C62+keXlZPZkOJeVam9aBLVP2EnbeDw3An+k0/QlqdwH6rv8284nko14Na7c0TtqtogfWXcRoFE4O4Ff20w==",
        "dependencies": {
          "character-parser": "character-parser@2.2.0",
          "is-expression": "is-expression@4.0.0",
          "pug-error": "pug-error@2.0.0"
        }
      },
      "pug-linker@4.0.0": {
        "integrity": "sha512-gjD1yzp0yxbQqnzBAdlhbgoJL5qIFJw78juN1NpTLt/mfPJ5VgC4BvkoD3G23qKzJtIIXBbcCt6FioLSFLOHdw==",
        "dependencies": {
          "pug-error": "pug-error@2.0.0",
          "pug-walk": "pug-walk@2.0.0"
        }
      },
      "pug-load@3.0.0": {
        "integrity": "sha512-OCjTEnhLWZBvS4zni/WUMjH2YSUosnsmjGBB1An7CsKQarYSWQ0GCVyd4eQPMFJqZ8w9xgs01QdiZXKVjk92EQ==",
        "dependencies": {
          "object-assign": "object-assign@4.1.1",
          "pug-walk": "pug-walk@2.0.0"
        }
      },
      "pug-parser@6.0.0": {
        "integrity": "sha512-ukiYM/9cH6Cml+AOl5kETtM9NR3WulyVP2y4HOU45DyMim1IeP/OOiyEWRr6qk5I5klpsBnbuHpwKmTx6WURnw==",
        "dependencies": {
          "pug-error": "pug-error@2.0.0",
          "token-stream": "token-stream@1.0.0"
        }
      },
      "pug-runtime@3.0.1": {
        "integrity": "sha512-L50zbvrQ35TkpHwv0G6aLSuueDRwc/97XdY8kL3tOT0FmhgG7UypU3VztfV/LATAvmUfYi4wNxSajhSAeNN+Kg==",
        "dependencies": {}
      },
      "pug-strip-comments@2.0.0": {
        "integrity": "sha512-zo8DsDpH7eTkPHCXFeAk1xZXJbyoTfdPlNR0bK7rpOMuhBYb0f5qUVCO1xlsitYd3w5FQTK7zpNVKb3rZoUrrQ==",
        "dependencies": {
          "pug-error": "pug-error@2.0.0"
        }
      },
      "pug-walk@2.0.0": {
        "integrity": "sha512-yYELe9Q5q9IQhuvqsZNwA5hfPkMJ8u92bQLIMcsMxf/VADjNtEYptU+inlufAFYcWdHlwNfZOEnOOQrZrcyJCQ==",
        "dependencies": {}
      },
      "pug@3.0.2": {
        "integrity": "sha512-bp0I/hiK1D1vChHh6EfDxtndHji55XP/ZJKwsRqrz6lRia6ZC2OZbdAymlxdVFwd1L70ebrVJw4/eZ79skrIaw==",
        "dependencies": {
          "pug-code-gen": "pug-code-gen@3.0.2",
          "pug-filters": "pug-filters@4.0.0",
          "pug-lexer": "pug-lexer@5.0.1",
          "pug-linker": "pug-linker@4.0.0",
          "pug-load": "pug-load@3.0.0",
          "pug-parser": "pug-parser@6.0.0",
          "pug-runtime": "pug-runtime@3.0.1",
          "pug-strip-comments": "pug-strip-comments@2.0.0"
        }
      },
      "readdirp@3.6.0": {
        "integrity": "sha512-hOS089on8RduqdbhvQ5Z37A0ESjsqz6qnRcffsMU3495FuTdqSm+7bhJ29JvIOsBDEEnan5DPu9t3To9VRlMzA==",
        "dependencies": {
          "picomatch": "picomatch@2.3.1"
        }
      },
      "resolve@1.22.3": {
        "integrity": "sha512-P8ur/gp/AmbEzjr729bZnLjXK5Z+4P0zhIJgBgzqRih7hL7BOukHGtSTA3ACMY467GRFz3duQsi0bDZdR7DKdw==",
        "dependencies": {
          "is-core-module": "is-core-module@2.12.1",
          "path-parse": "path-parse@1.0.7",
          "supports-preserve-symlinks-flag": "supports-preserve-symlinks-flag@1.0.0"
        }
      },
      "sass@1.63.6": {
        "integrity": "sha512-MJuxGMHzaOW7ipp+1KdELtqKbfAWbH7OLIdoSMnVe3EXPMTmxTmlaZDCTsgIpPCs3w99lLo9/zDKkOrJuT5byw==",
        "dependencies": {
          "chokidar": "chokidar@3.5.3",
          "immutable": "immutable@4.3.0",
          "source-map-js": "source-map-js@1.0.2"
        }
      },
      "source-map-js@1.0.2": {
        "integrity": "sha512-R0XvVJ9WusLiqTCEiGCmICCMplcCkIwwR11mOSD9CR5u+IXYdiseeEuXCVAjS54zqwkLcPNnmU4OeJ6tUrWhDw==",
        "dependencies": {}
      },
      "supports-preserve-symlinks-flag@1.0.0": {
        "integrity": "sha512-ot0WnXS9fgdkgIcePe6RHNk1WA8+muPa6cSjeR3V8K27q9BB1rTE3R1p7Hv0z1ZyAc8s6Vvv8DIyWf681MAt0w==",
        "dependencies": {}
      },
      "to-fast-properties@2.0.0": {
        "integrity": "sha512-/OaKK0xYrs3DmxRYqL/yDc+FxFUVYhDlXMhRmv3z915w2HF1tnN1omB354j8VUGO/hbRzyD6Y3sA7v7GS/ceog==",
        "dependencies": {}
      },
      "to-regex-range@5.0.1": {
        "integrity": "sha512-65P7iz6X5yEr1cwcgvQxbbIw7Uk3gOy5dIdtZ4rDveLqhrdJP+Li/Hx6tyK0NEb+2GCyneCMJiGqrADCSNk8sQ==",
        "dependencies": {
          "is-number": "is-number@7.0.0"
        }
      },
      "token-stream@1.0.0": {
        "integrity": "sha512-VSsyNPPW74RpHwR8Fc21uubwHY7wMDeJLys2IX5zJNih+OnAnaifKHo+1LHT7DAdloQ7apeaaWg8l7qnf/TnEg==",
        "dependencies": {}
      },
      "void-elements@3.1.0": {
        "integrity": "sha512-Dhxzh5HZuiHQhbvTW9AMetFfBHDMYpo23Uo9btPXgdYP+3T5S+p+jgNy7spra+veYhBP2dCSgxR/i2Y02h5/6w==",
        "dependencies": {}
      },
      "with@7.0.2": {
        "integrity": "sha512-RNGKj82nUPg3g5ygxkQl0R937xLyho1J24ItRCBTr/m1YnZkzJy1hUiHUJrc/VlsDQzsCnInEGSg3bci0Lmd4w==",
        "dependencies": {
          "@babel/parser": "@babel/parser@7.22.5",
          "@babel/types": "@babel/types@7.22.5",
          "assert-never": "assert-never@1.2.1",
          "babel-walk": "babel-walk@3.0.0-canary-5"
        }
      }
    }
  }
}
