{
  "version": "4",
  "specifiers": {
    "jsr:@cliffy/command@1.0.0-rc.7": "1.0.0-rc.7",
    "jsr:@cliffy/flags@1.0.0-rc.7": "1.0.0-rc.7",
    "jsr:@cliffy/internal@1.0.0-rc.7": "1.0.0-rc.7",
    "jsr:@cliffy/table@1.0.0-rc.7": "1.0.0-rc.7",
    "jsr:@david/code-block-writer@^13.0.2": "13.0.3",
    "jsr:@deno/cache-dir@~0.10.3": "0.10.3",
    "jsr:@deno/dnt@~0.41.3": "0.41.3",
    "jsr:@oak/commons@1": "1.0.0",
    "jsr:@oak/oak@17.1.0": "17.1.0",
    "jsr:@std/assert@0.199": "0.199.0",
    "jsr:@std/assert@0.215": "0.215.0",
    "jsr:@std/assert@0.223": "0.223.0",
    "jsr:@std/assert@0.224": "0.224.0",
    "jsr:@std/assert@0.224.0": "0.224.0",
    "jsr:@std/assert@0.226": "0.226.0",
    "jsr:@std/assert@1": "1.0.6",
    "jsr:@std/async@0.215.0": "0.215.0",
    "jsr:@std/async@0.224": "0.224.0",
    "jsr:@std/async@0.224.0": "0.224.0",
    "jsr:@std/bytes@0.223": "0.223.0",
    "jsr:@std/bytes@1": "1.0.2",
    "jsr:@std/bytes@^1.0.2": "1.0.2",
    "jsr:@std/cli@0.224": "0.224.7",
    "jsr:@std/collections@0.201.0": "0.201.0",
    "jsr:@std/collections@0.224.0": "0.224.0",
    "jsr:@std/crypto@1": "1.0.3",
    "jsr:@std/encoding@0.224": "0.224.3",
    "jsr:@std/encoding@1": "1.0.5",
    "jsr:@std/encoding@^1.0.5": "1.0.5",
    "jsr:@std/fmt@0.223": "0.223.0",
    "jsr:@std/fmt@0.224": "0.224.0",
    "jsr:@std/fmt@1": "1.0.2",
    "jsr:@std/fmt@~1.0.2": "1.0.2",
    "jsr:@std/fs@0.199.0": "0.199.0",
    "jsr:@std/fs@0.223": "0.223.0",
    "jsr:@std/fs@0.224.0": "0.224.0",
    "jsr:@std/fs@1": "1.0.4",
    "jsr:@std/fs@~0.229.3": "0.229.3",
    "jsr:@std/http@0.224.0": "0.224.0",
    "jsr:@std/http@1": "1.0.8",
    "jsr:@std/internal@0.199": "0.199.0",
    "jsr:@std/internal@0.224": "0.224.0",
    "jsr:@std/io@0.223": "0.223.0",
    "jsr:@std/io@0.224": "0.224.9",
    "jsr:@std/media-types@0.224": "0.224.1",
    "jsr:@std/media-types@1": "1.0.3",
    "jsr:@std/path@0.199": "0.199.0",
    "jsr:@std/path@0.223": "0.223.0",
    "jsr:@std/path@0.224": "0.224.0",
    "jsr:@std/path@0.224.0": "0.224.0",
    "jsr:@std/path@1": "1.0.6",
    "jsr:@std/path@1.0.0-rc.1": "1.0.0-rc.1",
    "jsr:@std/path@^1.0.6": "1.0.6",
    "jsr:@std/path@~0.225.2": "0.225.2",
    "jsr:@std/streams@0.224": "0.224.5",
    "jsr:@std/text@~1.0.7": "1.0.7",
    "jsr:@ts-morph/bootstrap@0.24": "0.24.0",
    "jsr:@ts-morph/common@0.24": "0.24.0",
    "npm:@types/react-dom@18.3.1": "18.3.1",
    "npm:@types/react@18.3.11": "18.3.11",
    "npm:@ungap/structured-clone@1.2.0": "1.2.0",
    "npm:esbuild@0.24.0": "0.24.0",
    "npm:eventemitter3@5.0.1": "5.0.1",
    "npm:i18next@23.16.0": "23.16.0",
    "npm:path-to-regexp@6.2.1": "6.2.1",
    "npm:postcss@8.4.16": "8.4.16",
    "npm:react-dom@18.3.1": "18.3.1_react@18.3.1",
    "npm:react@18.3.1": "18.3.1"
  },
  "jsr": {
    "@cliffy/command@1.0.0-rc.7": {
      "integrity": "1288808d7a3cd18b86c24c2f920e47a6d954b7e23cadc35c8cbd78f8be41f0cd",
      "dependencies": [
        "jsr:@cliffy/flags",
        "jsr:@cliffy/internal",
        "jsr:@cliffy/table",
        "jsr:@std/fmt@~1.0.2",
        "jsr:@std/text"
      ]
    },
    "@cliffy/flags@1.0.0-rc.7": {
      "integrity": "318d9be98f6a6417b108e03dec427dea96cdd41a15beb21d2554ae6da450a781",
      "dependencies": [
        "jsr:@std/text"
      ]
    },
    "@cliffy/internal@1.0.0-rc.7": {
      "integrity": "10412636ab3e67517d448be9eaab1b70c88eba9be22617b5d146257a11cc9b17"
    },
    "@cliffy/table@1.0.0-rc.7": {
      "integrity": "9fdd9776eda28a0b397981c400eeb1aa36da2371b43eefe12e6ff555290e3180",
      "dependencies": [
        "jsr:@std/fmt@~1.0.2"
      ]
    },
    "@david/code-block-writer@13.0.3": {
      "integrity": "f98c77d320f5957899a61bfb7a9bead7c6d83ad1515daee92dbacc861e13bb7f"
    },
    "@deno/cache-dir@0.10.3": {
      "integrity": "eb022f84ecc49c91d9d98131c6e6b118ff63a29e343624d058646b9d50404776",
      "dependencies": [
        "jsr:@std/fmt@0.223",
        "jsr:@std/fs@0.223",
        "jsr:@std/io@0.223",
        "jsr:@std/path@0.223"
      ]
    },
    "@deno/dnt@0.41.3": {
      "integrity": "b2ef2c8a5111eef86cb5bfcae103d6a2938e8e649e2461634a7befb7fc59d6d2",
      "dependencies": [
        "jsr:@david/code-block-writer",
        "jsr:@deno/cache-dir",
        "jsr:@std/fmt@1",
        "jsr:@std/fs@1",
        "jsr:@std/path@1",
        "jsr:@ts-morph/bootstrap"
      ]
    },
    "@oak/commons@1.0.0": {
      "integrity": "49805b55603c3627a9d6235c0655aa2b6222d3036b3a13ff0380c16368f607ac",
      "dependencies": [
        "jsr:@std/assert@1",
        "jsr:@std/bytes@1",
        "jsr:@std/crypto",
        "jsr:@std/encoding@1",
        "jsr:@std/http@1",
        "jsr:@std/media-types@1"
      ]
    },
    "@oak/oak@17.1.0": {
      "integrity": "14ffb400c3c268bdc7b3a838664fab782b4ed35bb0dfe7669013c95bb12a9503",
      "dependencies": [
        "jsr:@oak/commons",
        "jsr:@std/assert@1",
        "jsr:@std/bytes@1",
        "jsr:@std/crypto",
        "jsr:@std/http@1",
        "jsr:@std/io@0.224",
        "jsr:@std/media-types@1",
        "jsr:@std/path@1",
        "npm:path-to-regexp"
      ]
    },
    "@std/assert@0.199.0": {
      "integrity": "86db0680dee3e9d7b0eeb010aa7421dd5cb698457048c4c0bd176abbe1f11042"
    },
    "@std/assert@0.215.0": {
      "integrity": "4d80a5b5f1aef916131e3b5dcf8cfdad397affe87da7fa6398d8088e146d1e48"
    },
    "@std/assert@0.223.0": {
      "integrity": "eb8d6d879d76e1cc431205bd346ed4d88dc051c6366365b1af47034b0670be24"
    },
    "@std/assert@0.224.0": {
      "integrity": "8643233ec7aec38a940a8264a6e3eed9bfa44e7a71cc6b3c8874213ff401967f",
      "dependencies": [
        "jsr:@std/fmt@0.224",
        "jsr:@std/internal@0.224"
      ]
    },
    "@std/assert@0.226.0": {
      "integrity": "0dfb5f7c7723c18cec118e080fec76ce15b4c31154b15ad2bd74822603ef75b3"
    },
    "@std/assert@1.0.6": {
      "integrity": "1904c05806a25d94fe791d6d883b685c9e2dcd60e4f9fc30f4fc5cf010c72207"
    },
    "@std/async@0.215.0": {
      "integrity": "0a592598f165403dc82e4dc804b9355dc1d3e9a45d57e83d89a99108684831be",
      "dependencies": [
        "jsr:@std/assert@0.215"
      ]
    },
    "@std/async@0.224.0": {
      "integrity": "b6da423eeafbd0003fe88d950e069368c6a156f8b5293b7adbd9c8903a8f8d66",
      "dependencies": [
        "jsr:@std/assert@0.224"
      ]
    },
    "@std/bytes@0.223.0": {
      "integrity": "84b75052cd8680942c397c2631318772b295019098f40aac5c36cead4cba51a8"
    },
    "@std/bytes@1.0.2": {
      "integrity": "fbdee322bbd8c599a6af186a1603b3355e59a5fb1baa139f8f4c3c9a1b3e3d57"
    },
    "@std/cli@0.224.7": {
      "integrity": "654ca6477518e5e3a0d3fabafb2789e92b8c0febf1a1d24ba4b567aba94b5977"
    },
    "@std/collections@0.201.0": {
      "integrity": "ab95833347d78d0e8d3cfd714e69f4dfbbf86d4f80c72c166f181cacf38bcb0b"
    },
    "@std/collections@0.224.0": {
      "integrity": "d00201d1833c6e05371c7e9f0b178522597b1dda0b0a9ecf0c579414e1dd2770"
    },
    "@std/crypto@1.0.3": {
      "integrity": "a2a32f51ddef632d299e3879cd027c630dcd4d1d9a5285d6e6788072f4e51e7f"
    },
    "@std/encoding@0.224.3": {
      "integrity": "5e861b6d81be5359fad4155e591acf17c0207b595112d1840998bb9f476dbdaf"
    },
    "@std/encoding@1.0.5": {
      "integrity": "ecf363d4fc25bd85bd915ff6733a7e79b67e0e7806334af15f4645c569fefc04"
    },
    "@std/fmt@0.223.0": {
      "integrity": "6deb37794127dfc7d7bded2586b9fc6f5d50e62a8134846608baf71ffc1a5208"
    },
    "@std/fmt@0.224.0": {
      "integrity": "e20e9a2312a8b5393272c26191c0a68eda8d2c4b08b046bad1673148f1d69851"
    },
    "@std/fmt@1.0.2": {
      "integrity": "87e9dfcdd3ca7c066e0c3c657c1f987c82888eb8103a3a3baa62684ffeb0f7a7"
    },
    "@std/fs@0.199.0": {
      "integrity": "3a0baf38c73cb1b3d4f973046d355f266ba4763c1e4ba3d312cf2880aea3a464",
      "dependencies": [
        "jsr:@std/assert@0.199",
        "jsr:@std/internal@0.199",
        "jsr:@std/path@0.199"
      ]
    },
    "@std/fs@0.223.0": {
      "integrity": "3b4b0550b2c524cbaaa5a9170c90e96cbb7354e837ad1bdaf15fc9df1ae9c31c"
    },
    "@std/fs@0.224.0": {
      "integrity": "52a5ec89731ac0ca8f971079339286f88c571a4d61686acf75833f03a89d8e69",
      "dependencies": [
        "jsr:@std/assert@0.224",
        "jsr:@std/path@0.224"
      ]
    },
    "@std/fs@0.229.3": {
      "integrity": "783bca21f24da92e04c3893c9e79653227ab016c48e96b3078377ebd5222e6eb",
      "dependencies": [
        "jsr:@std/path@1.0.0-rc.1"
      ]
    },
    "@std/fs@1.0.4": {
      "integrity": "2907d32d8d1d9e540588fd5fe0ec21ee638134bd51df327ad4e443aaef07123c",
      "dependencies": [
        "jsr:@std/path@^1.0.6"
      ]
    },
    "@std/http@0.224.0": {
      "integrity": "fde48c9133d1d7bb94c134d8f0f01c1a737e6e3879f52580e9ca92217a011e82",
      "dependencies": [
        "jsr:@std/assert@0.224",
        "jsr:@std/async@0.224",
        "jsr:@std/cli",
        "jsr:@std/encoding@0.224",
        "jsr:@std/fmt@0.224",
        "jsr:@std/media-types@0.224",
        "jsr:@std/path@0.224",
        "jsr:@std/streams"
      ]
    },
    "@std/http@1.0.8": {
      "integrity": "6ea1b2e8d33929967754a3b6d6c6f399ad6647d7bbb5a466c1eaf9b294a6ebcd",
      "dependencies": [
        "jsr:@std/encoding@^1.0.5"
      ]
    },
    "@std/internal@0.199.0": {
      "integrity": "c92e3568cfa22f0d63290e5f0959bbcff165cabf8bb806636671448248fe0be7"
    },
    "@std/internal@0.224.0": {
      "integrity": "afc50644f9cdf4495eeb80523a8f6d27226b4b36c45c7c195dfccad4b8509291",
      "dependencies": [
        "jsr:@std/fmt@0.224"
      ]
    },
    "@std/io@0.223.0": {
      "integrity": "2d8c3c2ab3a515619b90da2c6ff5ea7b75a94383259ef4d02116b228393f84f1",
      "dependencies": [
        "jsr:@std/assert@0.223",
        "jsr:@std/bytes@0.223"
      ]
    },
    "@std/io@0.224.9": {
      "integrity": "4414664b6926f665102e73c969cfda06d2c4c59bd5d0c603fd4f1b1c840d6ee3",
      "dependencies": [
        "jsr:@std/bytes@^1.0.2"
      ]
    },
    "@std/media-types@0.224.1": {
      "integrity": "9e69a5daed37c5b5c6d3ce4731dc191f80e67f79bed392b0957d1d03b87f11e1"
    },
    "@std/media-types@1.0.3": {
      "integrity": "b12d30a7852f7578f4d210622df713bbfd1cbdd9b4ec2eaf5c1845ab70bab159"
    },
    "@std/path@0.199.0": {
      "integrity": "9b072de3cbe3ff728e6e805f3b9e09093a31e161ae51c8daa43591fcc0dc6d63",
      "dependencies": [
        "jsr:@std/assert@0.199",
        "jsr:@std/internal@0.199"
      ]
    },
    "@std/path@0.223.0": {
      "integrity": "593963402d7e6597f5a6e620931661053572c982fc014000459edc1f93cc3989",
      "dependencies": [
        "jsr:@std/assert@0.223"
      ]
    },
    "@std/path@0.224.0": {
      "integrity": "55bca6361e5a6d158b9380e82d4981d82d338ec587de02951e2b7c3a24910ee6",
      "dependencies": [
        "jsr:@std/assert@0.224"
      ]
    },
    "@std/path@0.225.2": {
      "integrity": "0f2db41d36b50ef048dcb0399aac720a5348638dd3cb5bf80685bf2a745aa506",
      "dependencies": [
        "jsr:@std/assert@0.226"
      ]
    },
    "@std/path@1.0.0-rc.1": {
      "integrity": "b8c00ae2f19106a6bb7cbf1ab9be52aa70de1605daeb2dbdc4f87a7cbaf10ff6"
    },
    "@std/path@1.0.6": {
      "integrity": "ab2c55f902b380cf28e0eec501b4906e4c1960d13f00e11cfbcd21de15f18fed"
    },
    "@std/streams@0.224.5": {
      "integrity": "bcde7818dd5460d474cdbd674b15f6638b9cd73cd64e52bd852fba2bd4d8ec91"
    },
    "@std/text@1.0.7": {
      "integrity": "344a820af99fde81ae1d4f9ce586da3f47a58cda25ac4c4dd688166cf5ed97f1"
    },
    "@ts-morph/bootstrap@0.24.0": {
      "integrity": "a826a2ef7fa8a7c3f1042df2c034d20744d94da2ee32bf29275bcd4dffd3c060",
      "dependencies": [
        "jsr:@ts-morph/common"
      ]
    },
    "@ts-morph/common@0.24.0": {
      "integrity": "12b625b8e562446ba658cdbe9ad77774b4bd96b992ae8bd34c60dbf24d06c1f3",
      "dependencies": [
        "jsr:@std/fs@~0.229.3",
        "jsr:@std/path@~0.225.2"
      ]
    }
  },
  "npm": {
    "@babel/runtime@7.25.7": {
      "integrity": "sha512-FjoyLe754PMiYsFaN5C94ttGiOmBNYTf6pLr4xXHAT5uctHb092PBszndLDR5XA/jghQvn4n7JMHl7dmTgbm9w==",
      "dependencies": [
        "regenerator-runtime"
      ]
    },
    "@esbuild/aix-ppc64@0.24.0": {
      "integrity": "sha512-WtKdFM7ls47zkKHFVzMz8opM7LkcsIp9amDUBIAWirg70RM71WRSjdILPsY5Uv1D42ZpUfaPILDlfactHgsRkw=="
    },
    "@esbuild/android-arm64@0.24.0": {
      "integrity": "sha512-Vsm497xFM7tTIPYK9bNTYJyF/lsP590Qc1WxJdlB6ljCbdZKU9SY8i7+Iin4kyhV/KV5J2rOKsBQbB77Ab7L/w=="
    },
    "@esbuild/android-arm@0.24.0": {
      "integrity": "sha512-arAtTPo76fJ/ICkXWetLCc9EwEHKaeya4vMrReVlEIUCAUncH7M4bhMQ+M9Vf+FFOZJdTNMXNBrWwW+OXWpSew=="
    },
    "@esbuild/android-x64@0.24.0": {
      "integrity": "sha512-t8GrvnFkiIY7pa7mMgJd7p8p8qqYIz1NYiAoKc75Zyv73L3DZW++oYMSHPRarcotTKuSs6m3hTOa5CKHaS02TQ=="
    },
    "@esbuild/darwin-arm64@0.24.0": {
      "integrity": "sha512-CKyDpRbK1hXwv79soeTJNHb5EiG6ct3efd/FTPdzOWdbZZfGhpbcqIpiD0+vwmpu0wTIL97ZRPZu8vUt46nBSw=="
    },
    "@esbuild/darwin-x64@0.24.0": {
      "integrity": "sha512-rgtz6flkVkh58od4PwTRqxbKH9cOjaXCMZgWD905JOzjFKW+7EiUObfd/Kav+A6Gyud6WZk9w+xu6QLytdi2OA=="
    },
    "@esbuild/freebsd-arm64@0.24.0": {
      "integrity": "sha512-6Mtdq5nHggwfDNLAHkPlyLBpE5L6hwsuXZX8XNmHno9JuL2+bg2BX5tRkwjyfn6sKbxZTq68suOjgWqCicvPXA=="
    },
    "@esbuild/freebsd-x64@0.24.0": {
      "integrity": "sha512-D3H+xh3/zphoX8ck4S2RxKR6gHlHDXXzOf6f/9dbFt/NRBDIE33+cVa49Kil4WUjxMGW0ZIYBYtaGCa2+OsQwQ=="
    },
    "@esbuild/linux-arm64@0.24.0": {
      "integrity": "sha512-TDijPXTOeE3eaMkRYpcy3LarIg13dS9wWHRdwYRnzlwlA370rNdZqbcp0WTyyV/k2zSxfko52+C7jU5F9Tfj1g=="
    },
    "@esbuild/linux-arm@0.24.0": {
      "integrity": "sha512-gJKIi2IjRo5G6Glxb8d3DzYXlxdEj2NlkixPsqePSZMhLudqPhtZ4BUrpIuTjJYXxvF9njql+vRjB2oaC9XpBw=="
    },
    "@esbuild/linux-ia32@0.24.0": {
      "integrity": "sha512-K40ip1LAcA0byL05TbCQ4yJ4swvnbzHscRmUilrmP9Am7//0UjPreh4lpYzvThT2Quw66MhjG//20mrufm40mA=="
    },
    "@esbuild/linux-loong64@0.24.0": {
      "integrity": "sha512-0mswrYP/9ai+CU0BzBfPMZ8RVm3RGAN/lmOMgW4aFUSOQBjA31UP8Mr6DDhWSuMwj7jaWOT0p0WoZ6jeHhrD7g=="
    },
    "@esbuild/linux-mips64el@0.24.0": {
      "integrity": "sha512-hIKvXm0/3w/5+RDtCJeXqMZGkI2s4oMUGj3/jM0QzhgIASWrGO5/RlzAzm5nNh/awHE0A19h/CvHQe6FaBNrRA=="
    },
    "@esbuild/linux-ppc64@0.24.0": {
      "integrity": "sha512-HcZh5BNq0aC52UoocJxaKORfFODWXZxtBaaZNuN3PUX3MoDsChsZqopzi5UupRhPHSEHotoiptqikjN/B77mYQ=="
    },
    "@esbuild/linux-riscv64@0.24.0": {
      "integrity": "sha512-bEh7dMn/h3QxeR2KTy1DUszQjUrIHPZKyO6aN1X4BCnhfYhuQqedHaa5MxSQA/06j3GpiIlFGSsy1c7Gf9padw=="
    },
    "@esbuild/linux-s390x@0.24.0": {
      "integrity": "sha512-ZcQ6+qRkw1UcZGPyrCiHHkmBaj9SiCD8Oqd556HldP+QlpUIe2Wgn3ehQGVoPOvZvtHm8HPx+bH20c9pvbkX3g=="
    },
    "@esbuild/linux-x64@0.24.0": {
      "integrity": "sha512-vbutsFqQ+foy3wSSbmjBXXIJ6PL3scghJoM8zCL142cGaZKAdCZHyf+Bpu/MmX9zT9Q0zFBVKb36Ma5Fzfa8xA=="
    },
    "@esbuild/netbsd-x64@0.24.0": {
      "integrity": "sha512-hjQ0R/ulkO8fCYFsG0FZoH+pWgTTDreqpqY7UnQntnaKv95uP5iW3+dChxnx7C3trQQU40S+OgWhUVwCjVFLvg=="
    },
    "@esbuild/openbsd-arm64@0.24.0": {
      "integrity": "sha512-MD9uzzkPQbYehwcN583yx3Tu5M8EIoTD+tUgKF982WYL9Pf5rKy9ltgD0eUgs8pvKnmizxjXZyLt0z6DC3rRXg=="
    },
    "@esbuild/openbsd-x64@0.24.0": {
      "integrity": "sha512-4ir0aY1NGUhIC1hdoCzr1+5b43mw99uNwVzhIq1OY3QcEwPDO3B7WNXBzaKY5Nsf1+N11i1eOfFcq+D/gOS15Q=="
    },
    "@esbuild/sunos-x64@0.24.0": {
      "integrity": "sha512-jVzdzsbM5xrotH+W5f1s+JtUy1UWgjU0Cf4wMvffTB8m6wP5/kx0KiaLHlbJO+dMgtxKV8RQ/JvtlFcdZ1zCPA=="
    },
    "@esbuild/win32-arm64@0.24.0": {
      "integrity": "sha512-iKc8GAslzRpBytO2/aN3d2yb2z8XTVfNV0PjGlCxKo5SgWmNXx82I/Q3aG1tFfS+A2igVCY97TJ8tnYwpUWLCA=="
    },
    "@esbuild/win32-ia32@0.24.0": {
      "integrity": "sha512-vQW36KZolfIudCcTnaTpmLQ24Ha1RjygBo39/aLkM2kmjkWmZGEJ5Gn9l5/7tzXA42QGIoWbICfg6KLLkIw6yw=="
    },
    "@esbuild/win32-x64@0.24.0": {
      "integrity": "sha512-7IAFPrjSQIJrGsK6flwg7NFmwBoSTyF3rl7If0hNUFQU4ilTsEPL6GuMuU9BfIWVVGuRnuIidkSMC+c0Otu8IA=="
    },
    "@types/prop-types@15.7.13": {
      "integrity": "sha512-hCZTSvwbzWGvhqxp/RqVqwU999pBf2vp7hzIjiYOsl8wqOmUxkQ6ddw1cV3l8811+kdUFus/q4d1Y3E3SyEifA=="
    },
    "@types/react-dom@18.3.1": {
      "integrity": "sha512-qW1Mfv8taImTthu4KoXgDfLuk4bydU6Q/TkADnDWWHwi4NX4BR+LWfTp2sVmTqRrsHvyDDTelgelxJ+SsejKKQ==",
      "dependencies": [
        "@types/react"
      ]
    },
    "@types/react@18.3.11": {
      "integrity": "sha512-r6QZ069rFTjrEYgFdOck1gK7FLVsgJE7tTz0pQBczlBNUhBNk0MQH4UbnFSwjpQLMkLzgqvBBa+qGpLje16eTQ==",
      "dependencies": [
        "@types/prop-types",
        "csstype"
      ]
    },
    "@ungap/structured-clone@1.2.0": {
      "integrity": "sha512-zuVdFrMJiuCDQUMCzQaD6KL28MjnqqN8XnAqiEq9PNm/hCPTSGfrXCOfwj1ow4LFb/tNymJPwsNbVePc1xFqrQ=="
    },
    "csstype@3.1.3": {
      "integrity": "sha512-M1uQkMl8rQK/szD0LNhtqxIPLpimGm8sOBwU7lLnCpSbTyY3yeU1Vc7l4KT5zT4s/yOxHH5O7tIuuLOCnLADRw=="
    },
    "esbuild@0.24.0": {
      "integrity": "sha512-FuLPevChGDshgSicjisSooU0cemp/sGXR841D5LHMB7mTVOmsEHcAxaH3irL53+8YDIeVNQEySh4DaYU/iuPqQ==",
      "dependencies": [
        "@esbuild/aix-ppc64",
        "@esbuild/android-arm",
        "@esbuild/android-arm64",
        "@esbuild/android-x64",
        "@esbuild/darwin-arm64",
        "@esbuild/darwin-x64",
        "@esbuild/freebsd-arm64",
        "@esbuild/freebsd-x64",
        "@esbuild/linux-arm",
        "@esbuild/linux-arm64",
        "@esbuild/linux-ia32",
        "@esbuild/linux-loong64",
        "@esbuild/linux-mips64el",
        "@esbuild/linux-ppc64",
        "@esbuild/linux-riscv64",
        "@esbuild/linux-s390x",
        "@esbuild/linux-x64",
        "@esbuild/netbsd-x64",
        "@esbuild/openbsd-arm64",
        "@esbuild/openbsd-x64",
        "@esbuild/sunos-x64",
        "@esbuild/win32-arm64",
        "@esbuild/win32-ia32",
        "@esbuild/win32-x64"
      ]
    },
    "eventemitter3@5.0.1": {
      "integrity": "sha512-GWkBvjiSZK87ELrYOSESUYeVIc9mvLLf/nXalMOS5dYrgZq9o5OVkbZAVM06CVxYsCwH9BDZFPlQTlPA1j4ahA=="
    },
    "i18next@23.16.0": {
      "integrity": "sha512-Ni3CG6c14teOogY19YNRl+kYaE/Rb59khy0VyHVn4uOZ97E2E/Yziyi6r3C3s9+wacjdLZiq/LLYyx+Cgd+FCw==",
      "dependencies": [
        "@babel/runtime"
      ]
    },
    "js-tokens@4.0.0": {
      "integrity": "sha512-RdJUflcE3cUzKiMqQgsCu06FPu9UdIJO0beYbPhHN4k6apgJtifcoCtT9bcxOpYBtpD2kCM6Sbzg4CausW/PKQ=="
    },
    "loose-envify@1.4.0": {
      "integrity": "sha512-lyuxPGr/Wfhrlem2CL/UcnUc1zcqKAImBDzukY7Y5F/yQiNdko6+fRLevlw1HgMySw7f611UIY408EtxRSoK3Q==",
      "dependencies": [
        "js-tokens"
      ]
    },
    "nanoid@3.3.7": {
      "integrity": "sha512-eSRppjcPIatRIMC1U6UngP8XFcz8MQWGQdt1MTBQ7NaAmvXDfvNxbvWV3x2y6CdEUciCSsDHDQZbhYaB8QEo2g=="
    },
    "path-to-regexp@6.2.1": {
      "integrity": "sha512-JLyh7xT1kizaEvcaXOQwOc2/Yhw6KZOvPf1S8401UyLk86CU79LN3vl7ztXGm/pZ+YjoyAJ4rxmHwbkBXJX+yw=="
    },
    "picocolors@1.1.0": {
      "integrity": "sha512-TQ92mBOW0l3LeMeyLV6mzy/kWr8lkd/hp3mTg7wYK7zJhuBStmGMBG0BdeDZS/dZx1IukaX6Bk11zcln25o1Aw=="
    },
    "postcss@8.4.16": {
      "integrity": "sha512-ipHE1XBvKzm5xI7hiHCZJCSugxvsdq2mPnsq5+UF+VHCjiBvtDrlxJfMBToWaP9D5XlgNmcFGqoHmUn0EYEaRQ==",
      "dependencies": [
        "nanoid",
        "picocolors",
        "source-map-js"
      ]
    },
    "react-dom@18.3.1_react@18.3.1": {
      "integrity": "sha512-5m4nQKp+rZRb09LNH59GM4BxTh9251/ylbKIbpe7TpGxfJ+9kv6BLkLBXIjjspbgbnIBNqlI23tRnTWT0snUIw==",
      "dependencies": [
        "loose-envify",
        "react",
        "scheduler"
      ]
    },
    "react@18.3.1": {
      "integrity": "sha512-wS+hAgJShR0KhEvPJArfuPVN1+Hz1t0Y6n5jLrGQbkb4urgPE/0Rve+1kMB1v/oWgHgm4WIcV+i7F2pTVj+2iQ==",
      "dependencies": [
        "loose-envify"
      ]
    },
    "regenerator-runtime@0.14.1": {
      "integrity": "sha512-dYnhHh0nJoMfnkZs6GmmhFknAGRrLznOu5nc9ML+EJxGvrx6H7teuevqVqCuPcPK//3eDrrjQhehXVx9cnkGdw=="
    },
    "scheduler@0.23.2": {
      "integrity": "sha512-UOShsPwz7NrMUqhR6t0hWjFduvOzbtv7toDH1/hIrfRNIDBnnBWd0CwJTGvTpngVlmwGCdP9/Zl/tVrDqcuYzQ==",
      "dependencies": [
        "loose-envify"
      ]
    },
    "source-map-js@1.2.1": {
      "integrity": "sha512-UXWMKhLOwVKb728IUtQPXxfYU+usdybtUrK/8uGE8CQMvrhOpwvzDBwj0QhSL7MQc7vIsISBG8VQ8+IDQxpfQA=="
    }
  },
  "workspace": {
    "dependencies": [
      "jsr:@cliffy/command@1.0.0-rc.7",
      "jsr:@deno/dnt@~0.41.3",
      "jsr:@oak/oak@17.1.0",
      "jsr:@std/assert@0.224.0",
      "jsr:@std/async@0.215.0",
      "jsr:@std/async@0.224.0",
      "jsr:@std/collections@0.201.0",
      "jsr:@std/collections@0.224.0",
      "jsr:@std/fs@0.199.0",
      "jsr:@std/fs@0.224.0",
      "jsr:@std/http@0.224.0",
      "jsr:@std/node@0.109.0",
      "jsr:@std/path@0.224.0",
      "npm:@types/react-dom@18.3.1",
      "npm:@types/react@18.3.11",
      "npm:@ungap/structured-clone@1.2.0",
      "npm:esbuild@0.24.0",
      "npm:eventemitter3@5.0.1",
      "npm:i18next@23.16.0",
      "npm:postcss@8.4.16",
      "npm:react-dom@18.3.1",
      "npm:react@18.3.1"
    ]
  }
}
