# This file is generated by running "yarn install" inside your project.
# Manual changes might be lost - proceed with caution!

__metadata:
  version: 6
  cacheKey: 8

"bun-types@npm:^0.6.0":
  version: 0.6.9
  resolution: "bun-types@npm:0.6.9"
  checksum: be5ffeba257808dd42fc7caeef8947811de4114cebc10868322587903e21ea81e2753fdec87bdcf6deb899306aa65da6da42aad6a245c91c2bb35f82b6664bac
  languageName: node
  linkType: hard

"sencha@workspace:.":
  version: 0.0.0-use.local
  resolution: "sencha@workspace:."
  dependencies:
    bun-types: ^0.6.0
  peerDependencies:
    typescript: ^5.0.0
  languageName: unknown
  linkType: soft
